
Microsoft Visual Studio Solution File, Format Version 12.00
# Visual Studio Version 17
VisualStudioVersion = 17.1.31903.286
MinimumVisualStudioVersion = 10.0.40219.1
Project("{9A19103F-16F7-4668-BE54-9A1E7A4F7556}") = "Domain", "Domain\Domain.csproj", "{8EB0EABC-2FA2-4F99-8957-049BC1B67A04}"
EndProject
Project("{2150E333-8FDC-42A3-9474-1A3956D46DE8}") = "EmployeeWebApi", "EmployeeWebApi", "{2FA796EC-8AEA-42E8-9D71-B126BC2192AA}"
EndProject
Project("{FAE04EC0-301F-11D3-BF4B-00C04F79EFBC}") = "EmployeeApiRepresentationLayer", "EmployeeApiRepresentationLayer\EmployeeApiRepresentationLayer.csproj", "{FF707A06-A0FB-4B53-B451-7043F4E8676D}"
EndProject
Project("{FAE04EC0-301F-11D3-BF4B-00C04F79EFBC}") = "EmployeeApiBusinessLayer", "EmployeeApiBusinessLayer\EmployeeApiBusinessLayer.csproj", "{5D65A09E-C359-4690-9686-DD6078B2714B}"
EndProject
Project("{FAE04EC0-301F-11D3-BF4B-00C04F79EFBC}") = "EmployeeApiDataAccessLayer", "EmployeeApiDataAccessLayer\EmployeeApiDataAccessLayer.csproj", "{2EE1ECD1-04FA-4A33-9ABD-8897E5637899}"
EndProject
Project("{FAE04EC0-301F-11D3-BF4B-00C04F79EFBC}") = "EmployeeClientApp", "EmployeeClientApp\EmployeeClientApp.csproj", "{EF0062D5-8207-4EC7-B0E8-4FB2CDF1EDE1}"
EndProject
Global
	GlobalSection(SolutionConfigurationPlatforms) = preSolution
		Debug|Any CPU = Debug|Any CPU
		Release|Any CPU = Release|Any CPU
	EndGlobalSection
	GlobalSection(ProjectConfigurationPlatforms) = postSolution
		{8EB0EABC-2FA2-4F99-8957-049BC1B67A04}.Debug|Any CPU.ActiveCfg = Debug|Any CPU
		{8EB0EABC-2FA2-4F99-8957-049BC1B67A04}.Debug|Any CPU.Build.0 = Debug|Any CPU
		{8EB0EABC-2FA2-4F99-8957-049BC1B67A04}.Release|Any CPU.ActiveCfg = Release|Any CPU
		{8EB0EABC-2FA2-4F99-8957-049BC1B67A04}.Release|Any CPU.Build.0 = Release|Any CPU
		{FF707A06-A0FB-4B53-B451-7043F4E8676D}.Debug|Any CPU.ActiveCfg = Debug|Any CPU
		{FF707A06-A0FB-4B53-B451-7043F4E8676D}.Debug|Any CPU.Build.0 = Debug|Any CPU
		{FF707A06-A0FB-4B53-B451-7043F4E8676D}.Release|Any CPU.ActiveCfg = Release|Any CPU
		{FF707A06-A0FB-4B53-B451-7043F4E8676D}.Release|Any CPU.Build.0 = Release|Any CPU
		{5D65A09E-C359-4690-9686-DD6078B2714B}.Debug|Any CPU.ActiveCfg = Debug|Any CPU
		{5D65A09E-C359-4690-9686-DD6078B2714B}.Debug|Any CPU.Build.0 = Debug|Any CPU
		{5D65A09E-C359-4690-9686-DD6078B2714B}.Release|Any CPU.ActiveCfg = Release|Any CPU
		{5D65A09E-C359-4690-9686-DD6078B2714B}.Release|Any CPU.Build.0 = Release|Any CPU
		{2EE1ECD1-04FA-4A33-9ABD-8897E5637899}.Debug|Any CPU.ActiveCfg = Debug|Any CPU
		{2EE1ECD1-04FA-4A33-9ABD-8897E5637899}.Debug|Any CPU.Build.0 = Debug|Any CPU
		{2EE1ECD1-04FA-4A33-9ABD-8897E5637899}.Release|Any CPU.ActiveCfg = Release|Any CPU
		{2EE1ECD1-04FA-4A33-9ABD-8897E5637899}.Release|Any CPU.Build.0 = Release|Any CPU
		{EF0062D5-8207-4EC7-B0E8-4FB2CDF1EDE1}.Debug|Any CPU.ActiveCfg = Debug|Any CPU
		{EF0062D5-8207-4EC7-B0E8-4FB2CDF1EDE1}.Debug|Any CPU.Build.0 = Debug|Any CPU
		{EF0062D5-8207-4EC7-B0E8-4FB2CDF1EDE1}.Release|Any CPU.ActiveCfg = Release|Any CPU
		{EF0062D5-8207-4EC7-B0E8-4FB2CDF1EDE1}.Release|Any CPU.Build.0 = Release|Any CPU
	EndGlobalSection
	GlobalSection(SolutionProperties) = preSolution
		HideSolutionNode = FALSE
	EndGlobalSection
	GlobalSection(NestedProjects) = preSolution
		{FF707A06-A0FB-4B53-B451-7043F4E8676D} = {2FA796EC-8AEA-42E8-9D71-B126BC2192AA}
		{5D65A09E-C359-4690-9686-DD6078B2714B} = {2FA796EC-8AEA-42E8-9D71-B126BC2192AA}
		{2EE1ECD1-04FA-4A33-9ABD-8897E5637899} = {2FA796EC-8AEA-42E8-9D71-B126BC2192AA}
	EndGlobalSection
	GlobalSection(ExtensibilityGlobals) = postSolution
		SolutionGuid = {DE3D3F3E-2985-4E2B-81F7-D851BC6583F6}
	EndGlobalSection
EndGlobal
